// !$*UTF8*$!
{
	archiveVersion = 1;
	classes = {
	};
	objectVersion = 46;
	objects = {

/* Begin PBXBuildFile section */
		3E37C1651A6F539100BDA5C3 /* Foundation.framework in Frameworks */ = {isa = PBXBuildFile; fileRef = 3E37C1641A6F539100BDA5C3 /* Foundation.framework */; };
		3E37C1671A6F539100BDA5C3 /* CoreGraphics.framework in Frameworks */ = {isa = PBXBuildFile; fileRef = 3E37C1661A6F539100BDA5C3 /* CoreGraphics.framework */; };
		3E37C1691A6F539100BDA5C3 /* UIKit.framework in Frameworks */ = {isa = PBXBuildFile; fileRef = 3E37C1681A6F539100BDA5C3 /* UIKit.framework */; };
		3E37C16F1A6F539100BDA5C3 /* InfoPlist.strings in Resources */ = {isa = PBXBuildFile; fileRef = 3E37C16D1A6F539100BDA5C3 /* InfoPlist.strings */; };
		3E37C1711A6F539100BDA5C3 /* main.m in Sources */ = {isa = PBXBuildFile; fileRef = 3E37C1701A6F539100BDA5C3 /* main.m */; };
		3E37C1751A6F539100BDA5C3 /* AppDelegate.m in Sources */ = {isa = PBXBuildFile; fileRef = 3E37C1741A6F539100BDA5C3 /* AppDelegate.m */; };
		3E37C1781A6F539100BDA5C3 /* Main.storyboard in Resources */ = {isa = PBXBuildFile; fileRef = 3E37C1761A6F539100BDA5C3 /* Main.storyboard */; };
		3E37C17B1A6F539100BDA5C3 /* ViewController.m in Sources */ = {isa = PBXBuildFile; fileRef = 3E37C17A1A6F539100BDA5C3 /* ViewController.m */; };
		3E37C17D1A6F539100BDA5C3 /* Images.xcassets in Resources */ = {isa = PBXBuildFile; fileRef = 3E37C17C1A6F539100BDA5C3 /* Images.xcassets */; };
		3E37C1841A6F539100BDA5C3 /* XCTest.framework in Frameworks */ = {isa = PBXBuildFile; fileRef = 3E37C1831A6F539100BDA5C3 /* XCTest.framework */; };
		3E37C1851A6F539100BDA5C3 /* Foundation.framework in Frameworks */ = {isa = PBXBuildFile; fileRef = 3E37C1641A6F539100BDA5C3 /* Foundation.framework */; };
		3E37C1861A6F539100BDA5C3 /* UIKit.framework in Frameworks */ = {isa = PBXBuildFile; fileRef = 3E37C1681A6F539100BDA5C3 /* UIKit.framework */; };
		3E37C18E1A6F539100BDA5C3 /* InfoPlist.strings in Resources */ = {isa = PBXBuildFile; fileRef = 3E37C18C1A6F539100BDA5C3 /* InfoPlist.strings */; };
		3E37C1901A6F539100BDA5C3 /* Rotten_TomatoesTests.m in Sources */ = {isa = PBXBuildFile; fileRef = 3E37C18F1A6F539100BDA5C3 /* Rotten_TomatoesTests.m */; };
/* End PBXBuildFile section */

/* Begin PBXContainerItemProxy section */
		3E37C1871A6F539100BDA5C3 /* PBXContainerItemProxy */ = {
			isa = PBXContainerItemProxy;
			containerPortal = 3E37C1591A6F539100BDA5C3 /* Project object */;
			proxyType = 1;
			remoteGlobalIDString = 3E37C1601A6F539100BDA5C3;
			remoteInfo = "Rotten Tomatoes";
		};
/* End PBXContainerItemProxy section */

/* Begin PBXFileReference section */
		3E37C1611A6F539100BDA5C3 /* Rotten Tomatoes.app */ = {isa = PBXFileReference; explicitFileType = wrapper.application; includeInIndex = 0; path = "Rotten Tomatoes.app"; sourceTree = BUILT_PRODUCTS_DIR; };
		3E37C1641A6F539100BDA5C3 /* Foundation.framework */ = {isa = PBXFileReference; lastKnownFileType = wrapper.framework; name = Foundation.framework; path = System/Library/Frameworks/Foundation.framework; sourceTree = SDKROOT; };
		3E37C1661A6F539100BDA5C3 /* CoreGraphics.framework */ = {isa = PBXFileReference; lastKnownFileType = wrapper.framework; name = CoreGraphics.framework; path = System/Library/Frameworks/CoreGraphics.framework; sourceTree = SDKROOT; };
		3E37C1681A6F539100BDA5C3 /* UIKit.framework */ = {isa = PBXFileReference; lastKnownFileType = wrapper.framework; name = UIKit.framework; path = System/Library/Frameworks/UIKit.framework; sourceTree = SDKROOT; };
		3E37C16C1A6F539100BDA5C3 /* Rotten Tomatoes-Info.plist */ = {isa = PBXFileReference; lastKnownFileType = text.plist.xml; path = "Rotten Tomatoes-Info.plist"; sourceTree = "<group>"; };
		3E37C16E1A6F539100BDA5C3 /* en */ = {isa = PBXFileReference; lastKnownFileType = text.plist.strings; name = en; path = en.lproj/InfoPlist.strings; sourceTree = "<group>"; };
		3E37C1701A6F539100BDA5C3 /* main.m */ = {isa = PBXFileReference; lastKnownFileType = sourcecode.c.objc; path = main.m; sourceTree = "<group>"; };
		3E37C1721A6F539100BDA5C3 /* Rotten Tomatoes-Prefix.pch */ = {isa = PBXFileReference; lastKnownFileType = sourcecode.c.h; path = "Rotten Tomatoes-Prefix.pch"; sourceTree = "<group>"; };
		3E37C1731A6F539100BDA5C3 /* AppDelegate.h */ = {isa = PBXFileReference; lastKnownFileType = sourcecode.c.h; path = AppDelegate.h; sourceTree = "<group>"; };
		3E37C1741A6F539100BDA5C3 /* AppDelegate.m */ = {isa = PBXFileReference; lastKnownFileType = sourcecode.c.objc; path = AppDelegate.m; sourceTree = "<group>"; };
		3E37C1771A6F539100BDA5C3 /* Base */ = {isa = PBXFileReference; lastKnownFileType = file.storyboard; name = Base; path = Base.lproj/Main.storyboard; sourceTree = "<group>"; };
		3E37C1791A6F539100BDA5C3 /* ViewController.h */ = {isa = PBXFileReference; lastKnownFileType = sourcecode.c.h; path = ViewController.h; sourceTree = "<group>"; };
		3E37C17A1A6F539100BDA5C3 /* ViewController.m */ = {isa = PBXFileReference; lastKnownFileType = sourcecode.c.objc; path = ViewController.m; sourceTree = "<group>"; };
		3E37C17C1A6F539100BDA5C3 /* Images.xcassets */ = {isa = PBXFileReference; lastKnownFileType = folder.assetcatalog; path = Images.xcassets; sourceTree = "<group>"; };
		3E37C1821A6F539100BDA5C3 /* Rotten TomatoesTests.xctest */ = {isa = PBXFileReference; explicitFileType = wrapper.cfbundle; includeInIndex = 0; path = "Rotten TomatoesTests.xctest"; sourceTree = BUILT_PRODUCTS_DIR; };
		3E37C1831A6F539100BDA5C3 /* XCTest.framework */ = {isa = PBXFileReference; lastKnownFileType = wrapper.framework; name = XCTest.framework; path = Library/Frameworks/XCTest.framework; sourceTree = DEVELOPER_DIR; };
		3E37C18B1A6F539100BDA5C3 /* Rotten TomatoesTests-Info.plist */ = {isa = PBXFileReference; lastKnownFileType = text.plist.xml; path = "Rotten TomatoesTests-Info.plist"; sourceTree = "<group>"; };
		3E37C18D1A6F539100BDA5C3 /* en */ = {isa = PBXFileReference; lastKnownFileType = text.plist.strings; name = en; path = en.lproj/InfoPlist.strings; sourceTree = "<group>"; };
		3E37C18F1A6F539100BDA5C3 /* Rotten_TomatoesTests.m */ = {isa = PBXFileReference; lastKnownFileType = sourcecode.c.objc; path = Rotten_TomatoesTests.m; sourceTree = "<group>"; };
/* End PBXFileReference section */

/* Begin PBXFrameworksBuildPhase section */
		3E37C15E1A6F539100BDA5C3 /* Frameworks */ = {
			isa = PBXFrameworksBuildPhase;
			buildActionMask = 2147483647;
			files = (
				3E37C1671A6F539100BDA5C3 /* CoreGraphics.framework in Frameworks */,
				3E37C1691A6F539100BDA5C3 /* UIKit.framework in Frameworks */,
				3E37C1651A6F539100BDA5C3 /* Foundation.framework in Frameworks */,
			);
			runOnlyForDeploymentPostprocessing = 0;
		};
		3E37C17F1A6F539100BDA5C3 /* Frameworks */ = {
			isa = PBXFrameworksBuildPhase;
			buildActionMask = 2147483647;
			files = (
				3E37C1841A6F539100BDA5C3 /* XCTest.framework in Frameworks */,
				3E37C1861A6F539100BDA5C3 /* UIKit.framework in Frameworks */,
				3E37C1851A6F539100BDA5C3 /* Foundation.framework in Frameworks */,
			);
			runOnlyForDeploymentPostprocessing = 0;
		};
/* End PBXFrameworksBuildPhase section */

/* Begin PBXGroup section */
		3E37C1581A6F539100BDA5C3 = {
			isa = PBXGroup;
			children = (
				3E37C16A1A6F539100BDA5C3 /* Rotten Tomatoes */,
				3E37C1891A6F539100BDA5C3 /* Rotten TomatoesTests */,
				3E37C1631A6F539100BDA5C3 /* Frameworks */,
				3E37C1621A6F539100BDA5C3 /* Products */,
			);
			sourceTree = "<group>";
		};
		3E37C1621A6F539100BDA5C3 /* Products */ = {
			isa = PBXGroup;
			children = (
				3E37C1611A6F539100BDA5C3 /* Rotten Tomatoes.app */,
				3E37C1821A6F539100BDA5C3 /* Rotten TomatoesTests.xctest */,
			);
			name = Products;
			sourceTree = "<group>";
		};
		3E37C1631A6F539100BDA5C3 /* Frameworks */ = {
			isa = PBXGroup;
			children = (
				3E37C1641A6F539100BDA5C3 /* Foundation.framework */,
				3E37C1661A6F539100BDA5C3 /* CoreGraphics.framework */,
				3E37C1681A6F539100BDA5C3 /* UIKit.framework */,
				3E37C1831A6F539100BDA5C3 /* XCTest.framework */,
			);
			name = Frameworks;
			sourceTree = "<group>";
		};
		3E37C16A1A6F539100BDA5C3 /* Rotten Tomatoes */ = {
			isa = PBXGroup;
			children = (
				3E37C1731A6F539100BDA5C3 /* AppDelegate.h */,
				3E37C1741A6F539100BDA5C3 /* AppDelegate.m */,
				3E37C1761A6F539100BDA5C3 /* Main.storyboard */,
				3E37C1791A6F539100BDA5C3 /* ViewController.h */,
				3E37C17A1A6F539100BDA5C3 /* ViewController.m */,
				3E37C17C1A6F539100BDA5C3 /* Images.xcassets */,
				3E37C16B1A6F539100BDA5C3 /* Supporting Files */,
			);
			path = "Rotten Tomatoes";
			sourceTree = "<group>";
		};
		3E37C16B1A6F539100BDA5C3 /* Supporting Files */ = {
			isa = PBXGroup;
			children = (
				3E37C16C1A6F539100BDA5C3 /* Rotten Tomatoes-Info.plist */,
				3E37C16D1A6F539100BDA5C3 /* InfoPlist.strings */,
				3E37C1701A6F539100BDA5C3 /* main.m */,
				3E37C1721A6F539100BDA5C3 /* Rotten Tomatoes-Prefix.pch */,
			);
			name = "Supporting Files";
			sourceTree = "<group>";
		};
		3E37C1891A6F539100BDA5C3 /* Rotten TomatoesTests */ = {
			isa = PBXGroup;
			children = (
				3E37C18F1A6F539100BDA5C3 /* Rotten_TomatoesTests.m */,
				3E37C18A1A6F539100BDA5C3 /* Supporting Files */,
			);
			path = "Rotten TomatoesTests";
			sourceTree = "<group>";
		};
		3E37C18A1A6F539100BDA5C3 /* Supporting Files */ = {
			isa = PBXGroup;
			children = (
				3E37C18B1A6F539100BDA5C3 /* Rotten TomatoesTests-Info.plist */,
				3E37C18C1A6F539100BDA5C3 /* InfoPlist.strings */,
			);
			name = "Supporting Files";
			sourceTree = "<group>";
		};
/* End PBXGroup section */

/* Begin PBXNativeTarget section */
		3E37C1601A6F539100BDA5C3 /* Rotten Tomatoes */ = {
			isa = PBXNativeTarget;
			buildConfigurationList = 3E37C1931A6F539100BDA5C3 /* Build configuration list for PBXNativeTarget "Rotten Tomatoes" */;
			buildPhases = (
				3E37C15D1A6F539100BDA5C3 /* Sources */,
				3E37C15E1A6F539100BDA5C3 /* Frameworks */,
				3E37C15F1A6F539100BDA5C3 /* Resources */,
			);
			buildRules = (
			);
			dependencies = (
			);
			name = "Rotten Tomatoes";
			productName = "Rotten Tomatoes";
			productReference = 3E37C1611A6F539100BDA5C3 /* Rotten Tomatoes.app */;
			productType = "com.apple.product-type.application";
		};
		3E37C1811A6F539100BDA5C3 /* Rotten TomatoesTests */ = {
			isa = PBXNativeTarget;
			buildConfigurationList = 3E37C1961A6F539100BDA5C3 /* Build configuration list for PBXNativeTarget "Rotten TomatoesTests" */;
			buildPhases = (
				3E37C17E1A6F539100BDA5C3 /* Sources */,
				3E37C17F1A6F539100BDA5C3 /* Frameworks */,
				3E37C1801A6F539100BDA5C3 /* Resources */,
			);
			buildRules = (
			);
			dependencies = (
				3E37C1881A6F539100BDA5C3 /* PBXTargetDependency */,
			);
			name = "Rotten TomatoesTests";
			productName = "Rotten TomatoesTests";
			productReference = 3E37C1821A6F539100BDA5C3 /* Rotten TomatoesTests.xctest */;
			productType = "com.apple.product-type.bundle.unit-test";
		};
/* End PBXNativeTarget section */

/* Begin PBXProject section */
		3E37C1591A6F539100BDA5C3 /* Project object */ = {
			isa = PBXProject;
			attributes = {
				LastUpgradeCheck = 0510;
				ORGANIZATIONNAME = casing;
				TargetAttributes = {
					3E37C1811A6F539100BDA5C3 = {
						TestTargetID = 3E37C1601A6F539100BDA5C3;
					};
				};
			};
			buildConfigurationList = 3E37C15C1A6F539100BDA5C3 /* Build configuration list for PBXProject "Rotten Tomatoes" */;
			compatibilityVersion = "Xcode 3.2";
			developmentRegion = English;
			hasScannedForEncodings = 0;
			knownRegions = (
				en,
				Base,
			);
			mainGroup = 3E37C1581A6F539100BDA5C3;
			productRefGroup = 3E37C1621A6F539100BDA5C3 /* Products */;
			projectDirPath = "";
			projectRoot = "";
			targets = (
				3E37C1601A6F539100BDA5C3 /* Rotten Tomatoes */,
				3E37C1811A6F539100BDA5C3 /* Rotten TomatoesTests */,
			);
		};
/* End PBXProject section */

/* Begin PBXResourcesBuildPhase section */
		3E37C15F1A6F539100BDA5C3 /* Resources */ = {
			isa = PBXResourcesBuildPhase;
			buildActionMask = 2147483647;
			files = (
				3E37C17D1A6F539100BDA5C3 /* Images.xcassets in Resources */,
				3E37C16F1A6F539100BDA5C3 /* InfoPlist.strings in Resources */,
				3E37C1781A6F539100BDA5C3 /* Main.storyboard in Resources */,
			);
			runOnlyForDeploymentPostprocessing = 0;
		};
		3E37C1801A6F539100BDA5C3 /* Resources */ = {
			isa = PBXResourcesBuildPhase;
			buildActionMask = 2147483647;
			files = (
				3E37C18E1A6F539100BDA5C3 /* InfoPlist.strings in Resources */,
			);
			runOnlyForDeploymentPostprocessing = 0;
		};
/* End PBXResourcesBuildPhase section */

/* Begin PBXSourcesBuildPhase section */
		3E37C15D1A6F539100BDA5C3 /* Sources */ = {
			isa = PBXSourcesBuildPhase;
			buildActionMask = 2147483647;
			files = (
				3E37C17B1A6F539100BDA5C3 /* ViewController.m in Sources */,
				3E37C1751A6F539100BDA5C3 /* AppDelegate.m in Sources */,
				3E37C1711A6F539100BDA5C3 /* main.m in Sources */,
			);
			runOnlyForDeploymentPostprocessing = 0;
		};
		3E37C17E1A6F539100BDA5C3 /* Sources */ = {
			isa = PBXSourcesBuildPhase;
			buildActionMask = 2147483647;
			files = (
				3E37C1901A6F539100BDA5C3 /* Rotten_TomatoesTests.m in Sources */,
			);
			runOnlyForDeploymentPostprocessing = 0;
		};
/* End PBXSourcesBuildPhase section */

/* Begin PBXTargetDependency section */
		3E37C1881A6F539100BDA5C3 /* PBXTargetDependency */ = {
			isa = PBXTargetDependency;
			target = 3E37C1601A6F539100BDA5C3 /* Rotten Tomatoes */;
			targetProxy = 3E37C1871A6F539100BDA5C3 /* PBXContainerItemProxy */;
		};
/* End PBXTargetDependency section */

/* Begin PBXVariantGroup section */
		3E37C16D1A6F539100BDA5C3 /* InfoPlist.strings */ = {
			isa = PBXVariantGroup;
			children = (
				3E37C16E1A6F539100BDA5C3 /* en */,
			);
			name = InfoPlist.strings;
			sourceTree = "<group>";
		};
		3E37C1761A6F539100BDA5C3 /* Main.storyboard */ = {
			isa = PBXVariantGroup;
			children = (
				3E37C1771A6F539100BDA5C3 /* Base */,
			);
			name = Main.storyboard;
			sourceTree = "<group>";
		};
		3E37C18C1A6F539100BDA5C3 /* InfoPlist.strings */ = {
			isa = PBXVariantGroup;
			children = (
				3E37C18D1A6F539100BDA5C3 /* en */,
			);
			name = InfoPlist.strings;
			sourceTree = "<group>";
		};
/* End PBXVariantGroup section */

/* Begin XCBuildConfiguration section */
		3E37C1911A6F539100BDA5C3 /* Debug */ = {
			isa = XCBuildConfiguration;
			buildSettings = {
				ALWAYS_SEARCH_USER_PATHS = NO;
				CLANG_CXX_LANGUAGE_STANDARD = "gnu++0x";
				CLANG_CXX_LIBRARY = "libc++";
				CLANG_ENABLE_MODULES = YES;
				CLANG_ENABLE_OBJC_ARC = YES;
				CLANG_WARN_BOOL_CONVERSION = YES;
				CLANG_WARN_CONSTANT_CONVERSION = YES;
				CLANG_WARN_DIRECT_OBJC_ISA_USAGE = YES_ERROR;
				CLANG_WARN_EMPTY_BODY = YES;
				CLANG_WARN_ENUM_CONVERSION = YES;
				CLANG_WARN_INT_CONVERSION = YES;
				CLANG_WARN_OBJC_ROOT_CLASS = YES_ERROR;
				CLANG_WARN__DUPLICATE_METHOD_MATCH = YES;
				"CODE_SIGN_IDENTITY[sdk=iphoneos*]" = "iPhone Developer";
				COPY_PHASE_STRIP = NO;
				GCC_C_LANGUAGE_STANDARD = gnu99;
				GCC_DYNAMIC_NO_PIC = NO;
				GCC_OPTIMIZATION_LEVEL = 0;
				GCC_PREPROCESSOR_DEFINITIONS = (
					"DEBUG=1",
					"$(inherited)",
				);
				GCC_SYMBOLS_PRIVATE_EXTERN = NO;
				GCC_WARN_64_TO_32_BIT_CONVERSION = YES;
				GCC_WARN_ABOUT_RETURN_TYPE = YES_ERROR;
				GCC_WARN_UNDECLARED_SELECTOR = YES;
				GCC_WARN_UNINITIALIZED_AUTOS = YES_AGGRESSIVE;
				GCC_WARN_UNUSED_FUNCTION = YES;
				GCC_WARN_UNUSED_VARIABLE = YES;
				IPHONEOS_DEPLOYMENT_TARGET = 7.1;
				ONLY_ACTIVE_ARCH = YES;
				SDKROOT = iphoneos;
			};
			name = Debug;
		};
		3E37C1921A6F539100BDA5C3 /* Release */ = {
			isa = XCBuildConfiguration;
			buildSettings = {
				ALWAYS_SEARCH_USER_PATHS = NO;
				CLANG_CXX_LANGUAGE_STANDARD = "gnu++0x";
				CLANG_CXX_LIBRARY = "libc++";
				CLANG_ENABLE_MODULES = YES;
				CLANG_ENABLE_OBJC_ARC = YES;
				CLANG_WARN_BOOL_CONVERSION = YES;
				CLANG_WARN_CONSTANT_CONVERSION = YES;
				CLANG_WARN_DIRECT_OBJC_ISA_USAGE = YES_ERROR;
				CLANG_WARN_EMPTY_BODY = YES;
				CLANG_WARN_ENUM_CONVERSION = YES;
				CLANG_WARN_INT_CONVERSION = YES;
				CLANG_WARN_OBJC_ROOT_CLASS = YES_ERROR;
				CLANG_WARN__DUPLICATE_METHOD_MATCH = YES;
				"CODE_SIGN_IDENTITY[sdk=iphoneos*]" = "iPhone Developer";
				COPY_PHASE_STRIP = YES;
				ENABLE_NS_ASSERTIONS = NO;
				GCC_C_LANGUAGE_STANDARD = gnu99;
				GCC_WARN_64_TO_32_BIT_CONVERSION = YES;
				GCC_WARN_ABOUT_RETURN_TYPE = YES_ERROR;
				GCC_WARN_UNDECLARED_SELECTOR = YES;
				GCC_WARN_UNINITIALIZED_AUTOS = YES_AGGRESSIVE;
				GCC_WARN_UNUSED_FUNCTION = YES;
				GCC_WARN_UNUSED_VARIABLE = YES;
				IPHONEOS_DEPLOYMENT_TARGET = 7.1;
				SDKROOT = iphoneos;
				VALIDATE_PRODUCT = YES;
			};
			name = Release;
		};
		3E37C1941A6F539100BDA5C3 /* Debug */ = {
			isa = XCBuildConfiguration;
			buildSettings = {
				ASSETCATALOG_COMPILER_APPICON_NAME = AppIcon;
				ASSETCATALOG_COMPILER_LAUNCHIMAGE_NAME = LaunchImage;
				GCC_PRECOMPILE_PREFIX_HEADER = YES;
				GCC_PREFIX_HEADER = "Rotten Tomatoes/Rotten Tomatoes-Prefix.pch";
				INFOPLIST_FILE = "Rotten Tomatoes/Rotten Tomatoes-Info.plist";
				PRODUCT_NAME = "$(TARGET_NAME)";
				WRAPPER_EXTENSION = app;
			};
			name = Debug;
		};
		3E37C1951A6F539100BDA5C3 /* Release */ = {
			isa = XCBuildConfiguration;
			buildSettings = {
				ASSETCATALOG_COMPILER_APPICON_NAME = AppIcon;
				ASSETCATALOG_COMPILER_LAUNCHIMAGE_NAME = LaunchImage;
				GCC_PRECOMPILE_PREFIX_HEADER = YES;
				GCC_PREFIX_HEADER = "Rotten Tomatoes/Rotten Tomatoes-Prefix.pch";
				INFOPLIST_FILE = "Rotten Tomatoes/Rotten Tomatoes-Info.plist";
				PRODUCT_NAME = "$(TARGET_NAME)";
				WRAPPER_EXTENSION = app;
			};
			name = Release;
		};
		3E37C1971A6F539100BDA5C3 /* Debug */ = {
			isa = XCBuildConfiguration;
			buildSettings = {
				BUNDLE_LOADER = "$(BUILT_PRODUCTS_DIR)/Rotten Tomatoes.app/Rotten Tomatoes";
				FRAMEWORK_SEARCH_PATHS = (
					"$(SDKROOT)/Developer/Library/Frameworks",
					"$(inherited)",
					"$(DEVELOPER_FRAMEWORKS_DIR)",
				);
				GCC_PRECOMPILE_PREFIX_HEADER = YES;
				GCC_PREFIX_HEADER = "Rotten Tomatoes/Rotten Tomatoes-Prefix.pch";
				GCC_PREPROCESSOR_DEFINITIONS = (
					"DEBUG=1",
					"$(inherited)",
				);
				INFOPLIST_FILE = "Rotten TomatoesTests/Rotten TomatoesTests-Info.plist";
				PRODUCT_NAME = "$(TARGET_NAME)";
				TEST_HOST = "$(BUNDLE_LOADER)";
				WRAPPER_EXTENSION = xctest;
			};
			name = Debug;
		};
		3E37C1981A6F539100BDA5C3 /* Release */ = {
			isa = XCBuildConfiguration;
			buildSettings = {
				BUNDLE_LOADER = "$(BUILT_PRODUCTS_DIR)/Rotten Tomatoes.app/Rotten Tomatoes";
				FRAMEWORK_SEARCH_PATHS = (
					"$(SDKROOT)/Developer/Library/Frameworks",
					"$(inherited)",
					"$(DEVELOPER_FRAMEWORKS_DIR)",
				);
				GCC_PRECOMPILE_PREFIX_HEADER = YES;
				GCC_PREFIX_HEADER = "Rotten Tomatoes/Rotten Tomatoes-Prefix.pch";
				INFOPLIST_FILE = "Rotten TomatoesTests/Rotten TomatoesTests-Info.plist";
				PRODUCT_NAME = "$(TARGET_NAME)";
				TEST_HOST = "$(BUNDLE_LOADER)";
				WRAPPER_EXTENSION = xctest;
			};
			name = Release;
		};
/* End XCBuildConfiguration section */

/* Begin XCConfigurationList section */
		3E37C15C1A6F539100BDA5C3 /* Build configuration list for PBXProject "Rotten Tomatoes" */ = {
			isa = XCConfigurationList;
			buildConfigurations = (
				3E37C1911A6F539100BDA5C3 /* Debug */,
				3E37C1921A6F539100BDA5C3 /* Release */,
			);
			defaultConfigurationIsVisible = 0;
			defaultConfigurationName = Release;
		};
		3E37C1931A6F539100BDA5C3 /* Build configuration list for PBXNativeTarget "Rotten Tomatoes" */ = {
			isa = XCConfigurationList;
			buildConfigurations = (
				3E37C1941A6F539100BDA5C3 /* Debug */,
				3E37C1951A6F539100BDA5C3 /* Release */,
			);
			defaultConfigurationIsVisible = 0;
		};
		3E37C1961A6F539100BDA5C3 /* Build configuration list for PBXNativeTarget "Rotten TomatoesTests" */ = {
			isa = XCConfigurationList;
			buildConfigurations = (
				3E37C1971A6F539100BDA5C3 /* Debug */,
				3E37C1981A6F539100BDA5C3 /* Release */,
			);
			defaultConfigurationIsVisible = 0;
		};
/* End XCConfigurationList section */
	};
	rootObject = 3E37C1591A6F539100BDA5C3 /* Project object */;
}
